// !$*UTF8*$!
{
	archiveVersion = 1;
	classes = {
	};
	objectVersion = 48;
	objects = {

/* Begin PBXBuildFile section */
		37ABB5B61FF37DA800964CAF /* AppDelegate.swift in Sources */ = {isa = PBXBuildFile; fileRef = 37ABB5B51FF37DA800964CAF /* AppDelegate.swift */; };
		37ABB5B81FF37DA800964CAF /* ViewController.swift in Sources */ = {isa = PBXBuildFile; fileRef = 37ABB5B71FF37DA800964CAF /* ViewController.swift */; };
		37ABB5BB1FF37DA800964CAF /* Main.storyboard in Resources */ = {isa = PBXBuildFile; fileRef = 37ABB5B91FF37DA800964CAF /* Main.storyboard */; };
		37ABB5BD1FF37DA800964CAF /* Assets.xcassets in Resources */ = {isa = PBXBuildFile; fileRef = 37ABB5BC1FF37DA800964CAF /* Assets.xcassets */; };
		37ABB5C01FF37DA800964CAF /* LaunchScreen.storyboard in Resources */ = {isa = PBXBuildFile; fileRef = 37ABB5BE1FF37DA800964CAF /* LaunchScreen.storyboard */; };
/* End PBXBuildFile section */

/* Begin PBXFileReference section */
		37ABB5B21FF37DA800964CAF /* Firebase Tut.app */ = {isa = PBXFileReference; explicitFileType = wrapper.application; includeInIndex = 0; path = "Firebase Tut.app"; sourceTree = BUILT_PRODUCTS_DIR; };
		37ABB5B51FF37DA800964CAF /* AppDelegate.swift */ = {isa = PBXFileReference; lastKnownFileType = sourcecode.swift; path = AppDelegate.swift; sourceTree = "<group>"; };
		37ABB5B71FF37DA800964CAF /* ViewController.swift */ = {isa = PBXFileReference; lastKnownFileType = sourcecode.swift; path = ViewController.swift; sourceTree = "<group>"; };
		37ABB5BA1FF37DA800964CAF /* Base */ = {isa = PBXFileReference; lastKnownFileType = file.storyboard; name = Base; path = Base.lproj/Main.storyboard; sourceTree = "<group>"; };
		37ABB5BC1FF37DA800964CAF /* Assets.xcassets */ = {isa = PBXFileReference; lastKnownFileType = folder.assetcatalog; path = Assets.xcassets; sourceTree = "<group>"; };
		37ABB5BF1FF37DA800964CAF /* Base */ = {isa = PBXFileReference; lastKnownFileType = file.storyboard; name = Base; path = Base.lproj/LaunchScreen.storyboard; sourceTree = "<group>"; };
		37ABB5C11FF37DA800964CAF /* Info.plist */ = {isa = PBXFileReference; lastKnownFileType = text.plist.xml; path = Info.plist; sourceTree = "<group>"; };
/* End PBXFileReference section */

/* Begin PBXFrameworksBuildPhase section */
		37ABB5AF1FF37DA800964CAF /* Frameworks */ = {
			isa = PBXFrameworksBuildPhase;
			buildActionMask = 2147483647;
			files = (
			);
			runOnlyForDeploymentPostprocessing = 0;
		};
/* End PBXFrameworksBuildPhase section */

/* Begin PBXGroup section */
		37ABB5A91FF37DA800964CAF = {
			isa = PBXGroup;
			children = (
				37ABB5B41FF37DA800964CAF /* Firebase Tut */,
				37ABB5B31FF37DA800964CAF /* Products */,
			);
			sourceTree = "<group>";
		};
		37ABB5B31FF37DA800964CAF /* Products */ = {
			isa = PBXGroup;
			children = (
				37ABB5B21FF37DA800964CAF /* Firebase Tut.app */,
			);
			name = Products;
			sourceTree = "<group>";
		};
		37ABB5B41FF37DA800964CAF /* Firebase Tut */ = {
			isa = PBXGroup;
			children = (
				37ABB5B51FF37DA800964CAF /* AppDelegate.swift */,
				37ABB5B71FF37DA800964CAF /* ViewController.swift */,
				37ABB5B91FF37DA800964CAF /* Main.storyboard */,
				37ABB5BC1FF37DA800964CAF /* Assets.xcassets */,
				37ABB5BE1FF37DA800964CAF /* LaunchScreen.storyboard */,
				37ABB5C11FF37DA800964CAF /* Info.plist */,
			);
			path = "Firebase Tut";
			sourceTree = "<group>";
		};
/* End PBXGroup section */

/* Begin PBXNativeTarget section */
		37ABB5B11FF37DA800964CAF /* Firebase Tut */ = {
			isa = PBXNativeTarget;
			buildConfigurationList = 37ABB5C41FF37DA800964CAF /* Build configuration list for PBXNativeTarget "Firebase Tut" */;
			buildPhases = (
				37ABB5AE1FF37DA800964CAF /* Sources */,
				37ABB5AF1FF37DA800964CAF /* Frameworks */,
				37ABB5B01FF37DA800964CAF /* Resources */,
			);
			buildRules = (
			);
			dependencies = (
			);
			name = "Firebase Tut";
			productName = "Firebase Tut";
			productReference = 37ABB5B21FF37DA800964CAF /* Firebase Tut.app */;
			productType = "com.apple.product-type.application";
		};
/* End PBXNativeTarget section */

/* Begin PBXProject section */
		37ABB5AA1FF37DA800964CAF /* Project object */ = {
			isa = PBXProject;
			attributes = {
				LastSwiftUpdateCheck = 0920;
				LastUpgradeCheck = 0920;
				ORGANIZATIONNAME = TechCoderX;
				TargetAttributes = {
					37ABB5B11FF37DA800964CAF = {
						CreatedOnToolsVersion = 9.2;
						ProvisioningStyle = Automatic;
					};
				};
			};
			buildConfigurationList = 37ABB5AD1FF37DA800964CAF /* Build configuration list for PBXProject "Firebase Tut" */;
			compatibilityVersion = "Xcode 8.0";
			developmentRegion = en;
			hasScannedForEncodings = 0;
			knownRegions = (
				en,
				Base,
			);
			mainGroup = 37ABB5A91FF37DA800964CAF;
			productRefGroup = 37ABB5B31FF37DA800964CAF /* Products */;
			projectDirPath = "";
			projectRoot = "";
			targets = (
				37ABB5B11FF37DA800964CAF /* Firebase Tut */,
			);
		};
/* End PBXProject section */

/* Begin PBXResourcesBuildPhase section */
		37ABB5B01FF37DA800964CAF /* Resources */ = {
			isa = PBXResourcesBuildPhase;
			buildActionMask = 2147483647;
			files = (
				37ABB5C01FF37DA800964CAF /* LaunchScreen.storyboard in Resources */,
				37ABB5BD1FF37DA800964CAF /* Assets.xcassets in Resources */,
				37ABB5BB1FF37DA800964CAF /* Main.storyboard in Resources */,
			);
			runOnlyForDeploymentPostprocessing = 0;
		};
/* End PBXResourcesBuildPhase section */

/* Begin PBXSourcesBuildPhase section */
		37ABB5AE1FF37DA800964CAF /* Sources */ = {
			isa = PBXSourcesBuildPhase;
			buildActionMask = 2147483647;
			files = (
				37ABB5B81FF37DA800964CAF /* ViewController.swift in Sources */,
				37ABB5B61FF37DA800964CAF /* AppDelegate.swift in Sources */,
			);
			runOnlyForDeploymentPostprocessing = 0;
		};
/* End PBXSourcesBuildPhase section */

/* Begin PBXVariantGroup section */
		37ABB5B91FF37DA800964CAF /* Main.storyboard */ = {
			isa = PBXVariantGroup;
			children = (
				37ABB5BA1FF37DA800964CAF /* Base */,
			);
			name = Main.storyboard;
			sourceTree = "<group>";
		};
		37ABB5BE1FF37DA800964CAF /* LaunchScreen.storyboard */ = {
			isa = PBXVariantGroup;
			children = (
				37ABB5BF1FF37DA800964CAF /* Base */,
			);
			name = LaunchScreen.storyboard;
			sourceTree = "<group>";
		};
/* End PBXVariantGroup section */

/* Begin XCBuildConfiguration section */
		37ABB5C21FF37DA800964CAF /* Debug */ = {
			isa = XCBuildConfiguration;
			buildSettings = {
				ALWAYS_SEARCH_USER_PATHS = NO;
				CLANG_ANALYZER_NONNULL = YES;
				CLANG_ANALYZER_NUMBER_OBJECT_CONVERSION = YES_AGGRESSIVE;
				CLANG_CXX_LANGUAGE_STANDARD = "gnu++14";
				CLANG_CXX_LIBRARY = "libc++";
				CLANG_ENABLE_MODULES = YES;
				CLANG_ENABLE_OBJC_ARC = YES;
				CLANG_WARN_BLOCK_CAPTURE_AUTORELEASING = YES;
				CLANG_WARN_BOOL_CONVERSION = YES;
				CLANG_WARN_COMMA = YES;
				CLANG_WARN_CONSTANT_CONVERSION = YES;
				CLANG_WARN_DIRECT_OBJC_ISA_USAGE = YES_ERROR;
				CLANG_WARN_DOCUMENTATION_COMMENTS = YES;
				CLANG_WARN_EMPTY_BODY = YES;
				CLANG_WARN_ENUM_CONVERSION = YES;
				CLANG_WARN_INFINITE_RECURSION = YES;
				CLANG_WARN_INT_CONVERSION = YES;
				CLANG_WARN_NON_LITERAL_NULL_CONVERSION = YES;
				CLANG_WARN_OBJC_LITERAL_CONVERSION = YES;
				CLANG_WARN_OBJC_ROOT_CLASS = YES_ERROR;
				CLANG_WARN_RANGE_LOOP_ANALYSIS = YES;
				CLANG_WARN_STRICT_PROTOTYPES = YES;
				CLANG_WARN_SUSPICIOUS_MOVE = YES;
				CLANG_WARN_UNGUARDED_AVAILABILITY = YES_AGGRESSIVE;
				CLANG_WARN_UNREACHABLE_CODE = YES;
				CLANG_WARN__DUPLICATE_METHOD_MATCH = YES;
				CODE_SIGN_IDENTITY = "iPhone Developer";
				COPY_PHASE_STRIP = NO;
				DEBUG_INFORMATION_FORMAT = dwarf;
				ENABLE_STRICT_OBJC_MSGSEND = YES;
				ENABLE_TESTABILITY = YES;
				GCC_C_LANGUAGE_STANDARD = gnu11;
				GCC_DYNAMIC_NO_PIC = NO;
				GCC_NO_COMMON_BLOCKS = YES;
				GCC_OPTIMIZATION_LEVEL = 0;
				GCC_PREPROCESSOR_DEFINITIONS = (
					"DEBUG=1",
					"$(inherited)",
				);
				GCC_WARN_64_TO_32_BIT_CONVERSION = YES;
				GCC_WARN_ABOUT_RETURN_TYPE = YES_ERROR;
				GCC_WARN_UNDECLARED_SELECTOR = YES;
				GCC_WARN_UNINITIALIZED_AUTOS = YES_AGGRESSIVE;
				GCC_WARN_UNUSED_FUNCTION = YES;
				GCC_WARN_UNUSED_VARIABLE = YES;
				IPHONEOS_DEPLOYMENT_TARGET = 11.2;
				MTL_ENABLE_DEBUG_INFO = YES;
				ONLY_ACTIVE_ARCH = YES;
				SDKROOT = iphoneos;
				SWIFT_ACTIVE_COMPILATION_CONDITIONS = DEBUG;
				SWIFT_OPTIMIZATION_LEVEL = "-Onone";
			};
			name = Debug;
		};
		37ABB5C31FF37DA800964CAF /* Release */ = {
			isa = XCBuildConfiguration;
			buildSettings = {
				ALWAYS_SEARCH_USER_PATHS = NO;
				CLANG_ANALYZER_NONNULL = YES;
				CLANG_ANALYZER_NUMBER_OBJECT_CONVERSION = YES_AGGRESSIVE;
				CLANG_CXX_LANGUAGE_STANDARD = "gnu++14";
				CLANG_CXX_LIBRARY = "libc++";
				CLANG_ENABLE_MODULES = YES;
				CLANG_ENABLE_OBJC_ARC = YES;
				CLANG_WARN_BLOCK_CAPTURE_AUTORELEASING = YES;
				CLANG_WARN_BOOL_CONVERSION = YES;
				CLANG_WARN_COMMA = YES;
				CLANG_WARN_CONSTANT_CONVERSION = YES;
				CLANG_WARN_DIRECT_OBJC_ISA_USAGE = YES_ERROR;
				CLANG_WARN_DOCUMENTATION_COMMENTS = YES;
				CLANG_WARN_EMPTY_BODY = YES;
				CLANG_WARN_ENUM_CONVERSION = YES;
				CLANG_WARN_INFINITE_RECURSION = YES;
				CLANG_WARN_INT_CONVERSION = YES;
				CLANG_WARN_NON_LITERAL_NULL_CONVERSION = YES;
				CLANG_WARN_OBJC_LITERAL_CONVERSION = YES;
				CLANG_WARN_OBJC_ROOT_CLASS = YES_ERROR;
				CLANG_WARN_RANGE_LOOP_ANALYSIS = YES;
				CLANG_WARN_STRICT_PROTOTYPES = YES;
				CLANG_WARN_SUSPICIOUS_MOVE = YES;
				CLANG_WARN_UNGUARDED_AVAILABILITY = YES_AGGRESSIVE;
				CLANG_WARN_UNREACHABLE_CODE = YES;
				CLANG_WARN__DUPLICATE_METHOD_MATCH = YES;
				CODE_SIGN_IDENTITY = "iPhone Developer";
				COPY_PHASE_STRIP = NO;
				DEBUG_INFORMATION_FORMAT = "dwarf-with-dsym";
				ENABLE_NS_ASSERTIONS = NO;
				ENABLE_STRICT_OBJC_MSGSEND = YES;
				GCC_C_LANGUAGE_STANDARD = gnu11;
				GCC_NO_COMMON_BLOCKS = YES;
				GCC_WARN_64_TO_32_BIT_CONVERSION = YES;
				GCC_WARN_ABOUT_RETURN_TYPE = YES_ERROR;
				GCC_WARN_UNDECLARED_SELECTOR = YES;
				GCC_WARN_UNINITIALIZED_AUTOS = YES_AGGRESSIVE;
				GCC_WARN_UNUSED_FUNCTION = YES;
				GCC_WARN_UNUSED_VARIABLE = YES;
				IPHONEOS_DEPLOYMENT_TARGET = 11.2;
				MTL_ENABLE_DEBUG_INFO = NO;
				SDKROOT = iphoneos;
				SWIFT_OPTIMIZATION_LEVEL = "-Owholemodule";
				VALIDATE_PRODUCT = YES;
			};
			name = Release;
		};
		37ABB5C51FF37DA800964CAF /* Debug */ = {
			isa = XCBuildConfiguration;
			buildSettings = {
				ASSETCATALOG_COMPILER_APPICON_NAME = AppIcon;
				CODE_SIGN_STYLE = Automatic;
				DEVELOPMENT_TEAM = AJCGARG559;
				INFOPLIST_FILE = "Firebase Tut/Info.plist";
				LD_RUNPATH_SEARCH_PATHS = "$(inherited) @executable_path/Frameworks";
				PRODUCT_BUNDLE_IDENTIFIER = "com.TechCoderX.Firebase-Tut";
				PRODUCT_NAME = "$(TARGET_NAME)";
				SWIFT_VERSION = 4.0;
				TARGETED_DEVICE_FAMILY = "1,2";
			};
			name = Debug;
		};
		37ABB5C61FF37DA800964CAF /* Release */ = {
			isa = XCBuildConfiguration;
			buildSettings = {
				ASSETCATALOG_COMPILER_APPICON_NAME = AppIcon;
				CODE_SIGN_STYLE = Automatic;
				DEVELOPMENT_TEAM = AJCGARG559;
				INFOPLIST_FILE = "Firebase Tut/Info.plist";
				LD_RUNPATH_SEARCH_PATHS = "$(inherited) @executable_path/Frameworks";
				PRODUCT_BUNDLE_IDENTIFIER = "com.TechCoderX.Firebase-Tut";
				PRODUCT_NAME = "$(TARGET_NAME)";
				SWIFT_VERSION = 4.0;
				TARGETED_DEVICE_FAMILY = "1,2";
			};
			name = Release;
		};
/* End XCBuildConfiguration section */

/* Begin XCConfigurationList section */
		37ABB5AD1FF37DA800964CAF /* Build configuration list for PBXProject "Firebase Tut" */ = {
			isa = XCConfigurationList;
			buildConfigurations = (
				37ABB5C21FF37DA800964CAF /* Debug */,
				37ABB5C31FF37DA800964CAF /* Release */,
			);
			defaultConfigurationIsVisible = 0;
			defaultConfigurationName = Release;
		};
		37ABB5C41FF37DA800964CAF /* Build configuration list for PBXNativeTarget "Firebase Tut" */ = {
			isa = XCConfigurationList;
			buildConfigurations = (
				37ABB5C51FF37DA800964CAF /* Debug */,
				37ABB5C61FF37DA800964CAF /* Release */,
			);
			defaultConfigurationIsVisible = 0;
			defaultConfigurationName = Release;
		};
/* End XCConfigurationList section */
	};
	rootObject = 37ABB5AA1FF37DA800964CAF /* Project object */;
}
